
Microsoft Visual Studio Solution File, Format Version 12.00
# Visual Studio 15
VisualStudioVersion = 15.0.27428.2037
MinimumVisualStudioVersion = 10.0.40219.1
Project("{FAE04EC0-301F-11D3-BF4B-00C04F79EFBC}") = "DiscordBotAPI", "DiscordBotAPI\DiscordBotAPI.csproj", "{4DBA7CBD-1DCB-47AC-93FF-EAD474A6E957}"
EndProject
Global
	GlobalSection(SolutionConfigurationPlatforms) = preSolution
		Debug|Any CPU = Debug|Any CPU
		Rebuild|Any CPU = Rebuild|Any CPU
		Release|Any CPU = Release|Any CPU
	EndGlobalSection
	GlobalSection(ProjectConfigurationPlatforms) = postSolution
		{4DBA7CBD-1DCB-47AC-93FF-EAD474A6E957}.Debug|Any CPU.ActiveCfg = Debug|Any CPU
		{4DBA7CBD-1DCB-47AC-93FF-EAD474A6E957}.Debug|Any CPU.Build.0 = Debug|Any CPU
		{4DBA7CBD-1DCB-47AC-93FF-EAD474A6E957}.Rebuild|Any CPU.ActiveCfg = Rebuild|Any CPU
		{4DBA7CBD-1DCB-47AC-93FF-EAD474A6E957}.Rebuild|Any CPU.Build.0 = Rebuild|Any CPU
		{4DBA7CBD-1DCB-47AC-93FF-EAD474A6E957}.Release|Any CPU.ActiveCfg = Release|Any CPU
		{4DBA7CBD-1DCB-47AC-93FF-EAD474A6E957}.Release|Any CPU.Build.0 = Release|Any CPU
	EndGlobalSection
	GlobalSection(SolutionProperties) = preSolution
		HideSolutionNode = FALSE
	EndGlobalSection
	GlobalSection(ExtensibilityGlobals) = postSolution
		SolutionGuid = {E616522A-9A84-402D-AA6D-4FA40E5FC2B7}
	EndGlobalSection
EndGlobal
